# This file is automatically @generated by Cargo.
# It is not intended for manual editing.
version = 4

[[package]]
name = "arrayvec"
version = "0.7.6"
source = "registry+https://github.com/rust-lang/crates.io-index"
checksum = "7c02d123df017efcdfbd739ef81735b36c5ba83ec3c59c80a9d7ecc718f92e50"

[[package]]
name = "by_address"
version = "1.2.1"
source = "registry+https://github.com/rust-lang/crates.io-index"
checksum = "64fa3c856b712db6612c019f14756e64e4bcea13337a6b33b696333a9eaa2d06"

[[package]]
name = "lichen-core"
version = "0.1.0"
dependencies = [
 "lichen-utils",
 "paste",
]

[[package]]
name = "lichen-core-plugin"
version = "0.1.0"
dependencies = [
 "lichen-project",
]

[[package]]
name = "lichen-project"
version = "0.1.0"
dependencies = [
 "by_address",
]

[[package]]
name = "lichen-structure"
version = "0.1.0"
dependencies = [
 "lichen-core",
 "lichen-utils",
]

[[package]]
name = "lichen-structure-plugin"
version = "0.1.0"
dependencies = [
 "lichen-core-plugin",
 "lichen-project",
]

[[package]]
name = "lichen-utils"
version = "0.1.0"
dependencies = [
 "arrayvec",
]

[[package]]
name = "paste"
version = "1.0.15"
source = "registry+https://github.com/rust-lang/crates.io-index"
checksum = "57c0d7b74b563b49d38dae00a0c37d4d6de9b432382b2892f0574ddcae73fd0a"
